github.com/steve-care-software/affiliates v0.0.0-20230317000112-1164d7ed25c8 h1:EsFwjFtbUvD6AczV6lm6QCDhxs6fyESvmaI/sPmFlkM=
github.com/steve-care-software/affiliates v0.0.0-20230317000112-1164d7ed25c8/go.mod h1:RhxLfvGZ5qSC0XHP4QBa4YkWTFD/yxv+Kfd8S9wJ9+4=
github.com/steve-care-software/blockchains v0.0.0-20230314171642-b591c788b721 h1:pdT0FWIVFW0Ni+ChgVBql4JJtLDpxe9fqs9jVJ1Bpp0=
github.com/steve-care-software/blockchains v0.0.0-20230314171642-b591c788b721/go.mod h1:AU2b5uTHxqWq69cpGt2je/ZcMKbvKXTjQpsbGTmxW3w=
github.com/steve-care-software/fungible-unit-genesis v0.0.0-20230314153558-39a7dee1e6bf h1:+sFuFKBh2oBJGGFff2wTC/bIjcYsYmJZoeQVPUdUBbc=
github.com/steve-care-software/fungible-unit-genesis v0.0.0-20230314153558-39a7dee1e6bf/go.mod h1:DWis3Wsf2vt3c22IVFNXV+teLTXApmeAGqdPcfGAZEw=
github.com/steve-care-software/fungible-unit-genesis v0.0.0-20230316221507-a43af6eaf21e h1:crywrZPgALqEzIewsNg6GNUtbkYM1VrQWrQndp5jYVE=
github.com/steve-care-software/fungible-unit-genesis v0.0.0-20230316221507-a43af6eaf21e/go.mod h1:DWis3Wsf2vt3c22IVFNXV+teLTXApmeAGqdPcfGAZEw=
github.com/steve-care-software/fungible-unit-pow-blockchains v0.0.0-20230314180037-8685b20252b9 h1:Pqg35irMXnThscoAb+x1MVLSTRbgwcmdU0vD80voz8w=
github.com/steve-care-software/fungible-unit-pow-blockchains v0.0.0-20230314180037-8685b20252b9/go.mod h1:grf5ojdgYt/I0265EtzuuIynELE2w8ZuF4834Iy6YCY=
github.com/steve-care-software/fungible-units v0.0.0-20230314162332-0c96efefd604 h1:jiINCt7F7mh1NvOUw+b/javJmandoI2+/IYcdeWUCzk=
github.com/steve-care-software/fungible-units v0.0.0-20230314162332-0c96efefd604/go.mod h1:gjN+g0OF49YwCgzjd23i/mlF6UdsGaZQGnl856QSJUM=
github.com/steve-care-software/identities v0.0.0-20230314174101-cf7e744b5ea4 h1:qSmCaMpqR2ZKMSzTgjWr3wysw6o5JtFPVZXj4OGTezA=
github.com/steve-care-software/identities v0.0.0-20230314174101-cf7e744b5ea4/go.mod h1:KYTV3wLpI0HLJFInZ3e12FlkdN+7sF69FIEtpH+MSZA=
github.com/steve-care-software/libs v0.0.0-20230312132714-485fdb38680d h1:LfO9I0ZWhA5XpfX0HTym2DCNmnjE4prtyaOi65Dy/jA=
github.com/steve-care-software/libs v0.0.0-20230312132714-485fdb38680d/go.mod h1:MF+XUhALBnkezlmXhGI5ZWB6rG5KE0LB8XhF+l/Bkk8=
github.com/steve-care-software/pow-blockchains v0.0.0-20230314175240-7de8f7f501eb h1:QZNeryvwTZ2l4UaYJZGiIsoFIBCPqwz0Dka9zKVBOgk=
github.com/steve-care-software/pow-blockchains v0.0.0-20230314175240-7de8f7f501eb/go.mod h1:pIBUFaVP+v1FQwiGcc4LJ2Zby/kZVtnQV0Hp24XUM2s=
